// !$*UTF8*$!
{
	archiveVersion = 1;
	classes = {
	};
	objectVersion = 77;
	objects = {

/* Begin PBXBuildFile section */
		2D0715F92E250FA300464607 /* FirebaseAuth in Frameworks */ = {isa = PBXBuildFile; productRef = 2D0715F82E250FA300464607 /* FirebaseAuth */; };
		2D0715FB2E250FA900464607 /* FirebaseCore in Frameworks */ = {isa = PBXBuildFile; productRef = 2D0715FA2E250FA900464607 /* FirebaseCore */; };
		2D0715FD2E250FC000464607 /* FirebaseFirestore in Frameworks */ = {isa = PBXBuildFile; productRef = 2D0715FC2E250FC000464607 /* FirebaseFirestore */; };
		2D0715FF2E250FC900464607 /* FirebaseStorage in Frameworks */ = {isa = PBXBuildFile; productRef = 2D0715FE2E250FC900464607 /* FirebaseStorage */; };
		2D07FBA62E2F8E90001D73E2 /* FirebaseAnalytics in Frameworks */ = {isa = PBXBuildFile; productRef = 2D07FBA52E2F8E90001D73E2 /* FirebaseAnalytics */; };
		2D07FBA82E2F8E90001D73E2 /* FirebaseAnalyticsCore in Frameworks */ = {isa = PBXBuildFile; productRef = 2D07FBA72E2F8E90001D73E2 /* FirebaseAnalyticsCore */; };
		2D07FBAA2E2F8E90001D73E2 /* FirebaseAuth in Frameworks */ = {isa = PBXBuildFile; productRef = 2D07FBA92E2F8E90001D73E2 /* FirebaseAuth */; };
		2D07FBAC2E2F8E90001D73E2 /* FirebaseCore in Frameworks */ = {isa = PBXBuildFile; productRef = 2D07FBAB2E2F8E90001D73E2 /* FirebaseCore */; };
		2D07FBAE2E2F8E90001D73E2 /* FirebaseCrashlytics in Frameworks */ = {isa = PBXBuildFile; productRef = 2D07FBAD2E2F8E90001D73E2 /* FirebaseCrashlytics */; };
		2D07FBB02E2F8E90001D73E2 /* FirebaseFirestore in Frameworks */ = {isa = PBXBuildFile; productRef = 2D07FBAF2E2F8E90001D73E2 /* FirebaseFirestore */; };
		2D07FBB22E2F8E90001D73E2 /* FirebaseFirestoreCombine-Community in Frameworks */ = {isa = PBXBuildFile; productRef = 2D07FBB12E2F8E90001D73E2 /* FirebaseFirestoreCombine-Community */; };
		2D07FBB42E2F8E90001D73E2 /* FirebaseStorage in Frameworks */ = {isa = PBXBuildFile; productRef = 2D07FBB32E2F8E90001D73E2 /* FirebaseStorage */; };
		2D2B923F2E2A4B57004C4EFF /* GoogleSignIn in Frameworks */ = {isa = PBXBuildFile; productRef = 2D2B923E2E2A4B57004C4EFF /* GoogleSignIn */; };
		2D551D592E2EC53800A6A368 /* AnimalMatchGameAppView.swift in Sources */ = {isa = PBXBuildFile; fileRef = 2D551D582E2EC53800A6A368 /* AnimalMatchGameAppView.swift */; };
		2D551D5A2E2EC53800A6A368 /* AnimalMatchGameAppView.swift in Sources */ = {isa = PBXBuildFile; fileRef = 2D551D582E2EC53800A6A368 /* AnimalMatchGameAppView.swift */; };
		2D551D5C2E2EC56A00A6A368 /* ContentView.swift in Sources */ = {isa = PBXBuildFile; fileRef = 2D551D5B2E2EC56A00A6A368 /* ContentView.swift */; };
		2D551D5D2E2EC56A00A6A368 /* ContentView.swift in Sources */ = {isa = PBXBuildFile; fileRef = 2D551D5B2E2EC56A00A6A368 /* ContentView.swift */; };
		2D551D5F2E2EC5A200A6A368 /* GameView.swift in Sources */ = {isa = PBXBuildFile; fileRef = 2D551D5E2E2EC5A200A6A368 /* GameView.swift */; };
		2D551D602E2EC5A200A6A368 /* GameView.swift in Sources */ = {isa = PBXBuildFile; fileRef = 2D551D5E2E2EC5A200A6A368 /* GameView.swift */; };
		2D551D682E2EC87C00A6A368 /* RegisterView.swift in Sources */ = {isa = PBXBuildFile; fileRef = 2D551D672E2EC87C00A6A368 /* RegisterView.swift */; };
		2D551D692E2EC87C00A6A368 /* RegisterView.swift in Sources */ = {isa = PBXBuildFile; fileRef = 2D551D672E2EC87C00A6A368 /* RegisterView.swift */; };
		2D551D6B2E2EC9B400A6A368 /* Assets.xcassets in Resources */ = {isa = PBXBuildFile; fileRef = 2D551D6A2E2EC9B400A6A368 /* Assets.xcassets */; };
		2D8FC6282E25367600B75A5C /* FirebaseAnalytics in Frameworks */ = {isa = PBXBuildFile; productRef = 2D8FC6272E25367600B75A5C /* FirebaseAnalytics */; };
		2DC47B662E34F62E007F0345 /* LoginView.swift in Sources */ = {isa = PBXBuildFile; fileRef = 2DC47B652E34F62E007F0345 /* LoginView.swift */; };
		2DC47B672E34F62E007F0345 /* LoginView.swift in Sources */ = {isa = PBXBuildFile; fileRef = 2DC47B652E34F62E007F0345 /* LoginView.swift */; };
		2DEB8C3E2E30F4B2007CC54F /* GoogleService-Info.plist in Resources */ = {isa = PBXBuildFile; fileRef = 2DEB8C3D2E30F4B1007CC54F /* GoogleService-Info.plist */; };
/* End PBXBuildFile section */

/* Begin PBXContainerItemProxy section */
		2D4201BD2E1D244B00201ECD /* PBXContainerItemProxy */ = {
			isa = PBXContainerItemProxy;
			containerPortal = 2D4201A72E1D244A00201ECD /* Project object */;
			proxyType = 1;
			remoteGlobalIDString = 2D4201AE2E1D244A00201ECD;
			remoteInfo = AnimalMatchGame;
		};
		2D4201C72E1D244B00201ECD /* PBXContainerItemProxy */ = {
			isa = PBXContainerItemProxy;
			containerPortal = 2D4201A72E1D244A00201ECD /* Project object */;
			proxyType = 1;
			remoteGlobalIDString = 2D4201AE2E1D244A00201ECD;
			remoteInfo = AnimalMatchGame;
		};
/* End PBXContainerItemProxy section */

/* Begin PBXFileReference section */
		2D36E5662E30FE2400078F05 /* AnimalMatchGame-Bridging-Header.h */ = {isa = PBXFileReference; lastKnownFileType = sourcecode.c.h; path = "AnimalMatchGame-Bridging-Header.h"; sourceTree = "<group>"; };
		2D4201AF2E1D244A00201ECD /* AnimalMatchGame.app */ = {isa = PBXFileReference; explicitFileType = wrapper.application; includeInIndex = 0; path = AnimalMatchGame.app; sourceTree = BUILT_PRODUCTS_DIR; };
		2D4201BC2E1D244B00201ECD /* AnimalMatchGameTests.xctest */ = {isa = PBXFileReference; explicitFileType = wrapper.cfbundle; includeInIndex = 0; path = AnimalMatchGameTests.xctest; sourceTree = BUILT_PRODUCTS_DIR; };
		2D4201C62E1D244B00201ECD /* AnimalMatchGameUITests.xctest */ = {isa = PBXFileReference; explicitFileType = wrapper.cfbundle; includeInIndex = 0; path = AnimalMatchGameUITests.xctest; sourceTree = BUILT_PRODUCTS_DIR; };
		2D551D582E2EC53800A6A368 /* AnimalMatchGameAppView.swift */ = {isa = PBXFileReference; lastKnownFileType = sourcecode.swift; path = AnimalMatchGameAppView.swift; sourceTree = "<group>"; };
		2D551D5B2E2EC56A00A6A368 /* ContentView.swift */ = {isa = PBXFileReference; lastKnownFileType = sourcecode.swift; path = ContentView.swift; sourceTree = "<group>"; };
		2D551D5E2E2EC5A200A6A368 /* GameView.swift */ = {isa = PBXFileReference; lastKnownFileType = sourcecode.swift; path = GameView.swift; sourceTree = "<group>"; };
		2D551D652E2EC81200A6A368 /* README.md */ = {isa = PBXFileReference; lastKnownFileType = net.daringfireball.markdown; path = README.md; sourceTree = "<group>"; };
		2D551D672E2EC87C00A6A368 /* RegisterView.swift */ = {isa = PBXFileReference; lastKnownFileType = sourcecode.swift; path = RegisterView.swift; sourceTree = "<group>"; };
		2D551D6A2E2EC9B400A6A368 /* Assets.xcassets */ = {isa = PBXFileReference; lastKnownFileType = folder.assetcatalog; path = Assets.xcassets; sourceTree = "<group>"; };
		2DC47B652E34F62E007F0345 /* LoginView.swift */ = {isa = PBXFileReference; lastKnownFileType = sourcecode.swift; path = LoginView.swift; sourceTree = "<group>"; };
		2DEB8C3D2E30F4B1007CC54F /* GoogleService-Info.plist */ = {isa = PBXFileReference; lastKnownFileType = text.plist.xml; path = "GoogleService-Info.plist"; sourceTree = "<group>"; };
/* End PBXFileReference section */

/* Begin PBXFileSystemSynchronizedRootGroup section */
		2D4201BF2E1D244B00201ECD /* AnimalMatchGameTests */ = {
			isa = PBXFileSystemSynchronizedRootGroup;
			path = AnimalMatchGameTests;
			sourceTree = "<group>";
		};
		2D4201C92E1D244B00201ECD /* AnimalMatchGameUITests */ = {
			isa = PBXFileSystemSynchronizedRootGroup;
			path = AnimalMatchGameUITests;
			sourceTree = "<group>";
		};
/* End PBXFileSystemSynchronizedRootGroup section */

/* Begin PBXFrameworksBuildPhase section */
		2D4201AC2E1D244A00201ECD /* Frameworks */ = {
			isa = PBXFrameworksBuildPhase;
			buildActionMask = 2147483647;
			files = (
				2D07FBB22E2F8E90001D73E2 /* FirebaseFirestoreCombine-Community in Frameworks */,
				2D07FBA62E2F8E90001D73E2 /* FirebaseAnalytics in Frameworks */,
				2D0715FB2E250FA900464607 /* FirebaseCore in Frameworks */,
				2D0715FF2E250FC900464607 /* FirebaseStorage in Frameworks */,
				2D0715F92E250FA300464607 /* FirebaseAuth in Frameworks */,
				2D07FBAA2E2F8E90001D73E2 /* FirebaseAuth in Frameworks */,
				2D07FBB02E2F8E90001D73E2 /* FirebaseFirestore in Frameworks */,
				2D07FBAE2E2F8E90001D73E2 /* FirebaseCrashlytics in Frameworks */,
				2D8FC6282E25367600B75A5C /* FirebaseAnalytics in Frameworks */,
				2D07FBAC2E2F8E90001D73E2 /* FirebaseCore in Frameworks */,
				2D0715FD2E250FC000464607 /* FirebaseFirestore in Frameworks */,
				2D07FBB42E2F8E90001D73E2 /* FirebaseStorage in Frameworks */,
				2D2B923F2E2A4B57004C4EFF /* GoogleSignIn in Frameworks */,
				2D07FBA82E2F8E90001D73E2 /* FirebaseAnalyticsCore in Frameworks */,
			);
			runOnlyForDeploymentPostprocessing = 0;
		};
		2D4201B92E1D244B00201ECD /* Frameworks */ = {
			isa = PBXFrameworksBuildPhase;
			buildActionMask = 2147483647;
			files = (
			);
			runOnlyForDeploymentPostprocessing = 0;
		};
		2D4201C32E1D244B00201ECD /* Frameworks */ = {
			isa = PBXFrameworksBuildPhase;
			buildActionMask = 2147483647;
			files = (
			);
			runOnlyForDeploymentPostprocessing = 0;
		};
/* End PBXFrameworksBuildPhase section */

/* Begin PBXGroup section */
		2D1AE19F2E2EA07300FC674F /* AnimalMatchGame */ = {
			isa = PBXGroup;
			children = (
			);
			path = AnimalMatchGame;
			sourceTree = "<group>";
		};
		2D4201A62E1D244A00201ECD = {
			isa = PBXGroup;
			children = (
				2D36E5662E30FE2400078F05 /* AnimalMatchGame-Bridging-Header.h */,
				2D551D582E2EC53800A6A368 /* AnimalMatchGameAppView.swift */,
				2D551D5B2E2EC56A00A6A368 /* ContentView.swift */,
				2D551D672E2EC87C00A6A368 /* RegisterView.swift */,
				2DC47B652E34F62E007F0345 /* LoginView.swift */,
				2D551D5E2E2EC5A200A6A368 /* GameView.swift */,
				2D551D6A2E2EC9B400A6A368 /* Assets.xcassets */,
				2DEB8C3D2E30F4B1007CC54F /* GoogleService-Info.plist */,
				2D551D652E2EC81200A6A368 /* README.md */,
				2D1AE19F2E2EA07300FC674F /* AnimalMatchGame */,
				2D4201BF2E1D244B00201ECD /* AnimalMatchGameTests */,
				2D4201C92E1D244B00201ECD /* AnimalMatchGameUITests */,
				2D4201B02E1D244A00201ECD /* Products */,
				485EA11AB476828A3A78AE69 /* Frameworks */,
			);
			sourceTree = "<group>";
		};
		2D4201B02E1D244A00201ECD /* Products */ = {
			isa = PBXGroup;
			children = (
				2D4201AF2E1D244A00201ECD /* AnimalMatchGame.app */,
				2D4201BC2E1D244B00201ECD /* AnimalMatchGameTests.xctest */,
				2D4201C62E1D244B00201ECD /* AnimalMatchGameUITests.xctest */,
			);
			name = Products;
			sourceTree = "<group>";
		};
		485EA11AB476828A3A78AE69 /* Frameworks */ = {
			isa = PBXGroup;
			children = (
			);
			name = Frameworks;
			sourceTree = "<group>";
		};
/* End PBXGroup section */

/* Begin PBXNativeTarget section */
		2D4201AE2E1D244A00201ECD /* AnimalMatchGame */ = {
			isa = PBXNativeTarget;
			buildConfigurationList = 2D4201D02E1D244B00201ECD /* Build configuration list for PBXNativeTarget "AnimalMatchGame" */;
			buildPhases = (
				2D4201AB2E1D244A00201ECD /* Sources */,
				2D4201AC2E1D244A00201ECD /* Frameworks */,
				2D4201AD2E1D244A00201ECD /* Resources */,
			);
			buildRules = (
			);
			dependencies = (
			);
			name = AnimalMatchGame;
			packageProductDependencies = (
				2D0715F82E250FA300464607 /* FirebaseAuth */,
				2D0715FA2E250FA900464607 /* FirebaseCore */,
				2D0715FC2E250FC000464607 /* FirebaseFirestore */,
				2D0715FE2E250FC900464607 /* FirebaseStorage */,
				2D8FC6272E25367600B75A5C /* FirebaseAnalytics */,
				2D2B923E2E2A4B57004C4EFF /* GoogleSignIn */,
				2D07FBA52E2F8E90001D73E2 /* FirebaseAnalytics */,
				2D07FBA72E2F8E90001D73E2 /* FirebaseAnalyticsCore */,
				2D07FBA92E2F8E90001D73E2 /* FirebaseAuth */,
				2D07FBAB2E2F8E90001D73E2 /* FirebaseCore */,
				2D07FBAD2E2F8E90001D73E2 /* FirebaseCrashlytics */,
				2D07FBAF2E2F8E90001D73E2 /* FirebaseFirestore */,
				2D07FBB12E2F8E90001D73E2 /* FirebaseFirestoreCombine-Community */,
				2D07FBB32E2F8E90001D73E2 /* FirebaseStorage */,
			);
			productName = AnimalMatchGame;
			productReference = 2D4201AF2E1D244A00201ECD /* AnimalMatchGame.app */;
			productType = "com.apple.product-type.application";
		};
		2D4201BB2E1D244B00201ECD /* AnimalMatchGameTests */ = {
			isa = PBXNativeTarget;
			buildConfigurationList = 2D4201D32E1D244B00201ECD /* Build configuration list for PBXNativeTarget "AnimalMatchGameTests" */;
			buildPhases = (
				403F3DB2D4D67FD375A550DE /* [CP] Check Pods Manifest.lock */,
				2D4201B82E1D244B00201ECD /* Sources */,
				2D4201B92E1D244B00201ECD /* Frameworks */,
				2D4201BA2E1D244B00201ECD /* Resources */,
			);
			buildRules = (
			);
			dependencies = (
				2D4201BE2E1D244B00201ECD /* PBXTargetDependency */,
			);
			fileSystemSynchronizedGroups = (
				2D4201BF2E1D244B00201ECD /* AnimalMatchGameTests */,
			);
			name = AnimalMatchGameTests;
			productName = AnimalMatchGameTests;
			productReference = 2D4201BC2E1D244B00201ECD /* AnimalMatchGameTests.xctest */;
			productType = "com.apple.product-type.bundle.unit-test";
		};
		2D4201C52E1D244B00201ECD /* AnimalMatchGameUITests */ = {
			isa = PBXNativeTarget;
			buildConfigurationList = 2D4201D62E1D244B00201ECD /* Build configuration list for PBXNativeTarget "AnimalMatchGameUITests" */;
			buildPhases = (
				8BB0EB500BD6260FB7C7B8FA /* [CP] Check Pods Manifest.lock */,
				2D4201C22E1D244B00201ECD /* Sources */,
				2D4201C32E1D244B00201ECD /* Frameworks */,
				2D4201C42E1D244B00201ECD /* Resources */,
				966A5F0C35EE0562900A7FA4 /* [CP] Embed Pods Frameworks */,
			);
			buildRules = (
			);
			dependencies = (
				2D4201C82E1D244B00201ECD /* PBXTargetDependency */,
			);
			fileSystemSynchronizedGroups = (
				2D4201C92E1D244B00201ECD /* AnimalMatchGameUITests */,
			);
			name = AnimalMatchGameUITests;
			productName = AnimalMatchGameUITests;
			productReference = 2D4201C62E1D244B00201ECD /* AnimalMatchGameUITests.xctest */;
			productType = "com.apple.product-type.bundle.ui-testing";
		};
/* End PBXNativeTarget section */

/* Begin PBXProject section */
		2D4201A72E1D244A00201ECD /* Project object */ = {
			isa = PBXProject;
			attributes = {
				BuildIndependentTargetsInParallel = 1;
				LastSwiftUpdateCheck = 1640;
				LastUpgradeCheck = 1640;
				TargetAttributes = {
					2D4201AE2E1D244A00201ECD = {
						CreatedOnToolsVersion = 16.4;
						LastSwiftMigration = 1640;
					};
					2D4201BB2E1D244B00201ECD = {
						CreatedOnToolsVersion = 16.4;
						TestTargetID = 2D4201AE2E1D244A00201ECD;
					};
					2D4201C52E1D244B00201ECD = {
						CreatedOnToolsVersion = 16.4;
						TestTargetID = 2D4201AE2E1D244A00201ECD;
					};
				};
			};
			buildConfigurationList = 2D4201AA2E1D244A00201ECD /* Build configuration list for PBXProject "AnimalMatchGame" */;
			developmentRegion = en;
			hasScannedForEncodings = 0;
			knownRegions = (
				en,
				Base,
			);
			mainGroup = 2D4201A62E1D244A00201ECD;
			minimizedProjectReferenceProxies = 1;
			packageReferences = (
				2D2B923D2E2A4B57004C4EFF /* XCRemoteSwiftPackageReference "GoogleSignIn-iOS" */,
				2D07FBA42E2F8E90001D73E2 /* XCRemoteSwiftPackageReference "firebase-ios-sdk" */,
			);
			preferredProjectObjectVersion = 77;
			productRefGroup = 2D4201B02E1D244A00201ECD /* Products */;
			projectDirPath = "";
			projectRoot = "";
			targets = (
				2D4201AE2E1D244A00201ECD /* AnimalMatchGame */,
				2D4201BB2E1D244B00201ECD /* AnimalMatchGameTests */,
				2D4201C52E1D244B00201ECD /* AnimalMatchGameUITests */,
			);
		};
/* End PBXProject section */

/* Begin PBXResourcesBuildPhase section */
		2D4201AD2E1D244A00201ECD /* Resources */ = {
			isa = PBXResourcesBuildPhase;
			buildActionMask = 2147483647;
			files = (
				2D551D6B2E2EC9B400A6A368 /* Assets.xcassets in Resources */,
				2DEB8C3E2E30F4B2007CC54F /* GoogleService-Info.plist in Resources */,
			);
			runOnlyForDeploymentPostprocessing = 0;
		};
		2D4201BA2E1D244B00201ECD /* Resources */ = {
			isa = PBXResourcesBuildPhase;
			buildActionMask = 2147483647;
			files = (
			);
			runOnlyForDeploymentPostprocessing = 0;
		};
		2D4201C42E1D244B00201ECD /* Resources */ = {
			isa = PBXResourcesBuildPhase;
			buildActionMask = 2147483647;
			files = (
			);
			runOnlyForDeploymentPostprocessing = 0;
		};
/* End PBXResourcesBuildPhase section */

/* Begin PBXShellScriptBuildPhase section */
		403F3DB2D4D67FD375A550DE /* [CP] Check Pods Manifest.lock */ = {
			isa = PBXShellScriptBuildPhase;
			buildActionMask = 2147483647;
			files = (
			);
			inputFileListPaths = (
			);
			inputPaths = (
				"${PODS_PODFILE_DIR_PATH}/Podfile.lock",
				"${PODS_ROOT}/Manifest.lock",
			);
			name = "[CP] Check Pods Manifest.lock";
			outputFileListPaths = (
			);
			outputPaths = (
				"$(DERIVED_FILE_DIR)/Pods-AnimalMatchGameTests-checkManifestLockResult.txt",
			);
			runOnlyForDeploymentPostprocessing = 0;
			shellPath = /bin/sh;
			shellScript = "diff \"${PODS_PODFILE_DIR_PATH}/Podfile.lock\" \"${PODS_ROOT}/Manifest.lock\" > /dev/null\nif [ $? != 0 ] ; then\n    # print error to STDERR\n    echo \"error: The sandbox is not in sync with the Podfile.lock. Run 'pod install' or update your CocoaPods installation.\" >&2\n    exit 1\nfi\n# This output is used by Xcode 'outputs' to avoid re-running this script phase.\necho \"SUCCESS\" > \"${SCRIPT_OUTPUT_FILE_0}\"\n";
			showEnvVarsInLog = 0;
		};
		8BB0EB500BD6260FB7C7B8FA /* [CP] Check Pods Manifest.lock */ = {
			isa = PBXShellScriptBuildPhase;
			buildActionMask = 2147483647;
			files = (
			);
			inputFileListPaths = (
			);
			inputPaths = (
				"${PODS_PODFILE_DIR_PATH}/Podfile.lock",
				"${PODS_ROOT}/Manifest.lock",
			);
			name = "[CP] Check Pods Manifest.lock";
			outputFileListPaths = (
			);
			outputPaths = (
				"$(DERIVED_FILE_DIR)/Pods-AnimalMatchGame-AnimalMatchGameUITests-checkManifestLockResult.txt",
			);
			runOnlyForDeploymentPostprocessing = 0;
			shellPath = /bin/sh;
			shellScript = "diff \"${PODS_PODFILE_DIR_PATH}/Podfile.lock\" \"${PODS_ROOT}/Manifest.lock\" > /dev/null\nif [ $? != 0 ] ; then\n    # print error to STDERR\n    echo \"error: The sandbox is not in sync with the Podfile.lock. Run 'pod install' or update your CocoaPods installation.\" >&2\n    exit 1\nfi\n# This output is used by Xcode 'outputs' to avoid re-running this script phase.\necho \"SUCCESS\" > \"${SCRIPT_OUTPUT_FILE_0}\"\n";
			showEnvVarsInLog = 0;
		};
		966A5F0C35EE0562900A7FA4 /* [CP] Embed Pods Frameworks */ = {
			isa = PBXShellScriptBuildPhase;
			buildActionMask = 2147483647;
			files = (
			);
			inputFileListPaths = (
				"${PODS_ROOT}/Target Support Files/Pods-AnimalMatchGame-AnimalMatchGameUITests/Pods-AnimalMatchGame-AnimalMatchGameUITests-frameworks-${CONFIGURATION}-input-files.xcfilelist",
			);
			inputPaths = (
			);
			name = "[CP] Embed Pods Frameworks";
			outputFileListPaths = (
				"${PODS_ROOT}/Target Support Files/Pods-AnimalMatchGame-AnimalMatchGameUITests/Pods-AnimalMatchGame-AnimalMatchGameUITests-frameworks-${CONFIGURATION}-output-files.xcfilelist",
			);
			outputPaths = (
			);
			runOnlyForDeploymentPostprocessing = 0;
			shellPath = /bin/sh;
			shellScript = "\"${PODS_ROOT}/Target Support Files/Pods-AnimalMatchGame-AnimalMatchGameUITests/Pods-AnimalMatchGame-AnimalMatchGameUITests-frameworks.sh\"\n";
			showEnvVarsInLog = 0;
		};
/* End PBXShellScriptBuildPhase section */

/* Begin PBXSourcesBuildPhase section */
		2D4201AB2E1D244A00201ECD /* Sources */ = {
			isa = PBXSourcesBuildPhase;
			buildActionMask = 2147483647;
			files = (
				2D551D5C2E2EC56A00A6A368 /* ContentView.swift in Sources */,
				2D551D682E2EC87C00A6A368 /* RegisterView.swift in Sources */,
				2D551D5F2E2EC5A200A6A368 /* GameView.swift in Sources */,
				2DC47B672E34F62E007F0345 /* LoginView.swift in Sources */,
				2D551D5A2E2EC53800A6A368 /* AnimalMatchGameAppView.swift in Sources */,
			);
			runOnlyForDeploymentPostprocessing = 0;
		};
		2D4201B82E1D244B00201ECD /* Sources */ = {
			isa = PBXSourcesBuildPhase;
			buildActionMask = 2147483647;
			files = (
				2DC47B662E34F62E007F0345 /* LoginView.swift in Sources */,
				2D551D592E2EC53800A6A368 /* AnimalMatchGameAppView.swift in Sources */,
				2D551D692E2EC87C00A6A368 /* RegisterView.swift in Sources */,
				2D551D602E2EC5A200A6A368 /* GameView.swift in Sources */,
				2D551D5D2E2EC56A00A6A368 /* ContentView.swift in Sources */,
			);
			runOnlyForDeploymentPostprocessing = 0;
		};
		2D4201C22E1D244B00201ECD /* Sources */ = {
			isa = PBXSourcesBuildPhase;
			buildActionMask = 2147483647;
			files = (
			);
			runOnlyForDeploymentPostprocessing = 0;
		};
/* End PBXSourcesBuildPhase section */

/* Begin PBXTargetDependency section */
		2D4201BE2E1D244B00201ECD /* PBXTargetDependency */ = {
			isa = PBXTargetDependency;
			target = 2D4201AE2E1D244A00201ECD /* AnimalMatchGame */;
			targetProxy = 2D4201BD2E1D244B00201ECD /* PBXContainerItemProxy */;
		};
		2D4201C82E1D244B00201ECD /* PBXTargetDependency */ = {
			isa = PBXTargetDependency;
			target = 2D4201AE2E1D244A00201ECD /* AnimalMatchGame */;
			targetProxy = 2D4201C72E1D244B00201ECD /* PBXContainerItemProxy */;
		};
/* End PBXTargetDependency section */

/* Begin XCBuildConfiguration section */
		2D4201CE2E1D244B00201ECD /* Debug */ = {
			isa = XCBuildConfiguration;
			buildSettings = {
				ALWAYS_SEARCH_USER_PATHS = NO;
				ASSETCATALOG_COMPILER_GENERATE_SWIFT_ASSET_SYMBOL_EXTENSIONS = YES;
				CLANG_ANALYZER_NONNULL = YES;
				CLANG_ANALYZER_NUMBER_OBJECT_CONVERSION = YES_AGGRESSIVE;
				CLANG_CXX_LANGUAGE_STANDARD = "gnu++20";
				CLANG_ENABLE_MODULES = YES;
				CLANG_ENABLE_OBJC_ARC = YES;
				CLANG_ENABLE_OBJC_WEAK = YES;
				CLANG_WARN_BLOCK_CAPTURE_AUTORELEASING = YES;
				CLANG_WARN_BOOL_CONVERSION = YES;
				CLANG_WARN_COMMA = YES;
				CLANG_WARN_CONSTANT_CONVERSION = YES;
				CLANG_WARN_DEPRECATED_OBJC_IMPLEMENTATIONS = YES;
				CLANG_WARN_DIRECT_OBJC_ISA_USAGE = YES_ERROR;
				CLANG_WARN_DOCUMENTATION_COMMENTS = YES;
				CLANG_WARN_EMPTY_BODY = YES;
				CLANG_WARN_ENUM_CONVERSION = YES;
				CLANG_WARN_INFINITE_RECURSION = YES;
				CLANG_WARN_INT_CONVERSION = YES;
				CLANG_WARN_NON_LITERAL_NULL_CONVERSION = YES;
				CLANG_WARN_OBJC_IMPLICIT_RETAIN_SELF = YES;
				CLANG_WARN_OBJC_LITERAL_CONVERSION = YES;
				CLANG_WARN_OBJC_ROOT_CLASS = YES_ERROR;
				CLANG_WARN_QUOTED_INCLUDE_IN_FRAMEWORK_HEADER = YES;
				CLANG_WARN_RANGE_LOOP_ANALYSIS = YES;
				CLANG_WARN_STRICT_PROTOTYPES = YES;
				CLANG_WARN_SUSPICIOUS_MOVE = YES;
				CLANG_WARN_UNGUARDED_AVAILABILITY = YES_AGGRESSIVE;
				CLANG_WARN_UNREACHABLE_CODE = YES;
				CLANG_WARN__DUPLICATE_METHOD_MATCH = YES;
				COPY_PHASE_STRIP = NO;
				DEBUG_INFORMATION_FORMAT = dwarf;
				DEVELOPMENT_TEAM = 52C4YANH97;
				ENABLE_STRICT_OBJC_MSGSEND = YES;
				ENABLE_TESTABILITY = YES;
				ENABLE_USER_SCRIPT_SANDBOXING = YES;
				GCC_C_LANGUAGE_STANDARD = gnu17;
				GCC_DYNAMIC_NO_PIC = NO;
				GCC_NO_COMMON_BLOCKS = YES;
				GCC_OPTIMIZATION_LEVEL = 0;
				GCC_PREPROCESSOR_DEFINITIONS = (
					"DEBUG=1",
					"$(inherited)",
				);
				GCC_WARN_64_TO_32_BIT_CONVERSION = YES;
				GCC_WARN_ABOUT_RETURN_TYPE = YES_ERROR;
				GCC_WARN_UNDECLARED_SELECTOR = YES;
				GCC_WARN_UNINITIALIZED_AUTOS = YES_AGGRESSIVE;
				GCC_WARN_UNUSED_FUNCTION = YES;
				GCC_WARN_UNUSED_VARIABLE = YES;
				INFOPLIST_PREPROCESS = YES;
				IPHONEOS_DEPLOYMENT_TARGET = 18.5;
				LOCALIZATION_PREFERS_STRING_CATALOGS = YES;
				MTL_ENABLE_DEBUG_INFO = INCLUDE_SOURCE;
				MTL_FAST_MATH = YES;
				ONLY_ACTIVE_ARCH = YES;
				SDKROOT = iphoneos;
				SWIFT_ACTIVE_COMPILATION_CONDITIONS = "DEBUG $(inherited)";
				SWIFT_OPTIMIZATION_LEVEL = "-Onone";
			};
			name = Debug;
		};
		2D4201CF2E1D244B00201ECD /* Release */ = {
			isa = XCBuildConfiguration;
			buildSettings = {
				ALWAYS_SEARCH_USER_PATHS = NO;
				ASSETCATALOG_COMPILER_GENERATE_SWIFT_ASSET_SYMBOL_EXTENSIONS = YES;
				CLANG_ANALYZER_NONNULL = YES;
				CLANG_ANALYZER_NUMBER_OBJECT_CONVERSION = YES_AGGRESSIVE;
				CLANG_CXX_LANGUAGE_STANDARD = "gnu++20";
				CLANG_ENABLE_MODULES = YES;
				CLANG_ENABLE_OBJC_ARC = YES;
				CLANG_ENABLE_OBJC_WEAK = YES;
				CLANG_WARN_BLOCK_CAPTURE_AUTORELEASING = YES;
				CLANG_WARN_BOOL_CONVERSION = YES;
				CLANG_WARN_COMMA = YES;
				CLANG_WARN_CONSTANT_CONVERSION = YES;
				CLANG_WARN_DEPRECATED_OBJC_IMPLEMENTATIONS = YES;
				CLANG_WARN_DIRECT_OBJC_ISA_USAGE = YES_ERROR;
				CLANG_WARN_DOCUMENTATION_COMMENTS = YES;
				CLANG_WARN_EMPTY_BODY = YES;
				CLANG_WARN_ENUM_CONVERSION = YES;
				CLANG_WARN_INFINITE_RECURSION = YES;
				CLANG_WARN_INT_CONVERSION = YES;
				CLANG_WARN_NON_LITERAL_NULL_CONVERSION = YES;
				CLANG_WARN_OBJC_IMPLICIT_RETAIN_SELF = YES;
				CLANG_WARN_OBJC_LITERAL_CONVERSION = YES;
				CLANG_WARN_OBJC_ROOT_CLASS = YES_ERROR;
				CLANG_WARN_QUOTED_INCLUDE_IN_FRAMEWORK_HEADER = YES;
				CLANG_WARN_RANGE_LOOP_ANALYSIS = YES;
				CLANG_WARN_STRICT_PROTOTYPES = YES;
				CLANG_WARN_SUSPICIOUS_MOVE = YES;
				CLANG_WARN_UNGUARDED_AVAILABILITY = YES_AGGRESSIVE;
				CLANG_WARN_UNREACHABLE_CODE = YES;
				CLANG_WARN__DUPLICATE_METHOD_MATCH = YES;
				COPY_PHASE_STRIP = NO;
				DEBUG_INFORMATION_FORMAT = "dwarf-with-dsym";
				DEVELOPMENT_TEAM = 52C4YANH97;
				ENABLE_NS_ASSERTIONS = NO;
				ENABLE_STRICT_OBJC_MSGSEND = YES;
				ENABLE_USER_SCRIPT_SANDBOXING = YES;
				GCC_C_LANGUAGE_STANDARD = gnu17;
				GCC_NO_COMMON_BLOCKS = YES;
				GCC_WARN_64_TO_32_BIT_CONVERSION = YES;
				GCC_WARN_ABOUT_RETURN_TYPE = YES_ERROR;
				GCC_WARN_UNDECLARED_SELECTOR = YES;
				GCC_WARN_UNINITIALIZED_AUTOS = YES_AGGRESSIVE;
				GCC_WARN_UNUSED_FUNCTION = YES;
				GCC_WARN_UNUSED_VARIABLE = YES;
				INFOPLIST_PREPROCESS = YES;
				IPHONEOS_DEPLOYMENT_TARGET = 18.5;
				LOCALIZATION_PREFERS_STRING_CATALOGS = YES;
				MTL_ENABLE_DEBUG_INFO = NO;
				MTL_FAST_MATH = YES;
				SDKROOT = iphoneos;
				SWIFT_COMPILATION_MODE = wholemodule;
				VALIDATE_PRODUCT = YES;
			};
			name = Release;
		};
		2D4201D12E1D244B00201ECD /* Debug */ = {
			isa = XCBuildConfiguration;
			buildSettings = {
				ASSETCATALOG_COMPILER_APPICON_NAME = AppIcon;
				ASSETCATALOG_COMPILER_GLOBAL_ACCENT_COLOR_NAME = AccentColor;
				CLANG_ENABLE_MODULES = YES;
				CODE_SIGN_STYLE = Automatic;
				CURRENT_PROJECT_VERSION = 1;
				DEVELOPMENT_TEAM = 52C4YANH97;
				ENABLE_PREVIEWS = YES;
				GENERATE_INFOPLIST_FILE = YES;
				INFOPLIST_FILE = AnimalMatchGame/Info.plist;
				INFOPLIST_KEY_UIApplicationSceneManifest_Generation = YES;
				INFOPLIST_KEY_UIApplicationSupportsIndirectInputEvents = YES;
				INFOPLIST_KEY_UILaunchScreen_Generation = YES;
				INFOPLIST_KEY_UISupportedInterfaceOrientations_iPad = "UIInterfaceOrientationPortrait UIInterfaceOrientationPortraitUpsideDown UIInterfaceOrientationLandscapeLeft UIInterfaceOrientationLandscapeRight";
				INFOPLIST_KEY_UISupportedInterfaceOrientations_iPhone = "UIInterfaceOrientationPortrait UIInterfaceOrientationLandscapeLeft UIInterfaceOrientationLandscapeRight";
				LD_RUNPATH_SEARCH_PATHS = (
					"$(inherited)",
					"@executable_path/Frameworks",
				);
				MARKETING_VERSION = 1.0;
				PRODUCT_BUNDLE_IDENTIFIER = "rabiac-akici.AnimalMatchGame";
				PRODUCT_NAME = "$(TARGET_NAME)";
				SWIFT_EMIT_LOC_STRINGS = YES;
				SWIFT_OPTIMIZATION_LEVEL = "-Onone";
				SWIFT_PRECOMPILE_BRIDGING_HEADER = NO;
				SWIFT_VERSION = 5.0;
				TARGETED_DEVICE_FAMILY = "1,2";
			};
			name = Debug;
		};
		2D4201D22E1D244B00201ECD /* Release */ = {
			isa = XCBuildConfiguration;
			buildSettings = {
				ASSETCATALOG_COMPILER_APPICON_NAME = AppIcon;
				ASSETCATALOG_COMPILER_GLOBAL_ACCENT_COLOR_NAME = AccentColor;
				CLANG_ENABLE_MODULES = YES;
				CODE_SIGN_STYLE = Automatic;
				CURRENT_PROJECT_VERSION = 1;
				DEVELOPMENT_TEAM = 52C4YANH97;
				ENABLE_PREVIEWS = YES;
				GENERATE_INFOPLIST_FILE = YES;
				INFOPLIST_FILE = AnimalMatchGame/Info.plist;
				INFOPLIST_KEY_UIApplicationSceneManifest_Generation = YES;
				INFOPLIST_KEY_UIApplicationSupportsIndirectInputEvents = YES;
				INFOPLIST_KEY_UILaunchScreen_Generation = YES;
				INFOPLIST_KEY_UISupportedInterfaceOrientations_iPad = "UIInterfaceOrientationPortrait UIInterfaceOrientationPortraitUpsideDown UIInterfaceOrientationLandscapeLeft UIInterfaceOrientationLandscapeRight";
				INFOPLIST_KEY_UISupportedInterfaceOrientations_iPhone = "UIInterfaceOrientationPortrait UIInterfaceOrientationLandscapeLeft UIInterfaceOrientationLandscapeRight";
				LD_RUNPATH_SEARCH_PATHS = (
					"$(inherited)",
					"@executable_path/Frameworks",
				);
				MARKETING_VERSION = 1.0;
				PRODUCT_BUNDLE_IDENTIFIER = "rabiac-akici.AnimalMatchGame";
				PRODUCT_NAME = "$(TARGET_NAME)";
				SWIFT_EMIT_LOC_STRINGS = YES;
				SWIFT_PRECOMPILE_BRIDGING_HEADER = NO;
				SWIFT_VERSION = 5.0;
				TARGETED_DEVICE_FAMILY = "1,2";
			};
			name = Release;
		};
		2D4201D42E1D244B00201ECD /* Debug */ = {
			isa = XCBuildConfiguration;
			buildSettings = {
				BUNDLE_LOADER = "$(TEST_HOST)";
				CODE_SIGN_STYLE = Automatic;
				CURRENT_PROJECT_VERSION = 1;
				DEVELOPMENT_TEAM = 52C4YANH97;
				GENERATE_INFOPLIST_FILE = YES;
				IPHONEOS_DEPLOYMENT_TARGET = 18.5;
				MARKETING_VERSION = 1.0;
				PRODUCT_BUNDLE_IDENTIFIER = "rabiac-akici.AnimalMatchGameTests";
				PRODUCT_NAME = "$(TARGET_NAME)";
				SWIFT_EMIT_LOC_STRINGS = NO;
				SWIFT_VERSION = 5.0;
				TARGETED_DEVICE_FAMILY = "1,2";
				TEST_HOST = "$(BUILT_PRODUCTS_DIR)/AnimalMatchGame.app/$(BUNDLE_EXECUTABLE_FOLDER_PATH)/AnimalMatchGame";
			};
			name = Debug;
		};
		2D4201D52E1D244B00201ECD /* Release */ = {
			isa = XCBuildConfiguration;
			buildSettings = {
				BUNDLE_LOADER = "$(TEST_HOST)";
				CODE_SIGN_STYLE = Automatic;
				CURRENT_PROJECT_VERSION = 1;
				DEVELOPMENT_TEAM = 52C4YANH97;
				GENERATE_INFOPLIST_FILE = YES;
				IPHONEOS_DEPLOYMENT_TARGET = 18.5;
				MARKETING_VERSION = 1.0;
				PRODUCT_BUNDLE_IDENTIFIER = "rabiac-akici.AnimalMatchGameTests";
				PRODUCT_NAME = "$(TARGET_NAME)";
				SWIFT_EMIT_LOC_STRINGS = NO;
				SWIFT_VERSION = 5.0;
				TARGETED_DEVICE_FAMILY = "1,2";
				TEST_HOST = "$(BUILT_PRODUCTS_DIR)/AnimalMatchGame.app/$(BUNDLE_EXECUTABLE_FOLDER_PATH)/AnimalMatchGame";
			};
			name = Release;
		};
		2D4201D72E1D244B00201ECD /* Debug */ = {
			isa = XCBuildConfiguration;
			buildSettings = {
				CODE_SIGN_STYLE = Automatic;
				CURRENT_PROJECT_VERSION = 1;
				DEVELOPMENT_TEAM = 52C4YANH97;
				GENERATE_INFOPLIST_FILE = YES;
				MARKETING_VERSION = 1.0;
				PRODUCT_BUNDLE_IDENTIFIER = "rabiac-akici.AnimalMatchGameUITests";
				PRODUCT_NAME = "$(TARGET_NAME)";
				SWIFT_EMIT_LOC_STRINGS = NO;
				SWIFT_VERSION = 5.0;
				TARGETED_DEVICE_FAMILY = "1,2";
				TEST_TARGET_NAME = AnimalMatchGame;
			};
			name = Debug;
		};
		2D4201D82E1D244B00201ECD /* Release */ = {
			isa = XCBuildConfiguration;
			buildSettings = {
				CODE_SIGN_STYLE = Automatic;
				CURRENT_PROJECT_VERSION = 1;
				DEVELOPMENT_TEAM = 52C4YANH97;
				GENERATE_INFOPLIST_FILE = YES;
				MARKETING_VERSION = 1.0;
				PRODUCT_BUNDLE_IDENTIFIER = "rabiac-akici.AnimalMatchGameUITests";
				PRODUCT_NAME = "$(TARGET_NAME)";
				SWIFT_EMIT_LOC_STRINGS = NO;
				SWIFT_VERSION = 5.0;
				TARGETED_DEVICE_FAMILY = "1,2";
				TEST_TARGET_NAME = AnimalMatchGame;
			};
			name = Release;
		};
/* End XCBuildConfiguration section */

/* Begin XCConfigurationList section */
		2D4201AA2E1D244A00201ECD /* Build configuration list for PBXProject "AnimalMatchGame" */ = {
			isa = XCConfigurationList;
			buildConfigurations = (
				2D4201CE2E1D244B00201ECD /* Debug */,
				2D4201CF2E1D244B00201ECD /* Release */,
			);
			defaultConfigurationIsVisible = 0;
			defaultConfigurationName = Release;
		};
		2D4201D02E1D244B00201ECD /* Build configuration list for PBXNativeTarget "AnimalMatchGame" */ = {
			isa = XCConfigurationList;
			buildConfigurations = (
				2D4201D12E1D244B00201ECD /* Debug */,
				2D4201D22E1D244B00201ECD /* Release */,
			);
			defaultConfigurationIsVisible = 0;
			defaultConfigurationName = Release;
		};
		2D4201D32E1D244B00201ECD /* Build configuration list for PBXNativeTarget "AnimalMatchGameTests" */ = {
			isa = XCConfigurationList;
			buildConfigurations = (
				2D4201D42E1D244B00201ECD /* Debug */,
				2D4201D52E1D244B00201ECD /* Release */,
			);
			defaultConfigurationIsVisible = 0;
			defaultConfigurationName = Release;
		};
		2D4201D62E1D244B00201ECD /* Build configuration list for PBXNativeTarget "AnimalMatchGameUITests" */ = {
			isa = XCConfigurationList;
			buildConfigurations = (
				2D4201D72E1D244B00201ECD /* Debug */,
				2D4201D82E1D244B00201ECD /* Release */,
			);
			defaultConfigurationIsVisible = 0;
			defaultConfigurationName = Release;
		};
/* End XCConfigurationList section */

/* Begin XCRemoteSwiftPackageReference section */
		2D07FBA42E2F8E90001D73E2 /* XCRemoteSwiftPackageReference "firebase-ios-sdk" */ = {
			isa = XCRemoteSwiftPackageReference;
			repositoryURL = "https://github.com/firebase/firebase-ios-sdk";
			requirement = {
				kind = upToNextMajorVersion;
				minimumVersion = 12.0.0;
			};
		};
		2D2B923D2E2A4B57004C4EFF /* XCRemoteSwiftPackageReference "GoogleSignIn-iOS" */ = {
			isa = XCRemoteSwiftPackageReference;
			repositoryURL = "https://github.com/google/GoogleSignIn-iOS.git";
			requirement = {
				kind = upToNextMajorVersion;
				minimumVersion = 9.0.0;
			};
		};
/* End XCRemoteSwiftPackageReference section */

/* Begin XCSwiftPackageProductDependency section */
		2D0715F82E250FA300464607 /* FirebaseAuth */ = {
			isa = XCSwiftPackageProductDependency;
			productName = FirebaseAuth;
		};
		2D0715FA2E250FA900464607 /* FirebaseCore */ = {
			isa = XCSwiftPackageProductDependency;
			productName = FirebaseCore;
		};
		2D0715FC2E250FC000464607 /* FirebaseFirestore */ = {
			isa = XCSwiftPackageProductDependency;
			productName = FirebaseFirestore;
		};
		2D0715FE2E250FC900464607 /* FirebaseStorage */ = {
			isa = XCSwiftPackageProductDependency;
			productName = FirebaseStorage;
		};
		2D07FBA52E2F8E90001D73E2 /* FirebaseAnalytics */ = {
			isa = XCSwiftPackageProductDependency;
			package = 2D07FBA42E2F8E90001D73E2 /* XCRemoteSwiftPackageReference "firebase-ios-sdk" */;
			productName = FirebaseAnalytics;
		};
		2D07FBA72E2F8E90001D73E2 /* FirebaseAnalyticsCore */ = {
			isa = XCSwiftPackageProductDependency;
			package = 2D07FBA42E2F8E90001D73E2 /* XCRemoteSwiftPackageReference "firebase-ios-sdk" */;
			productName = FirebaseAnalyticsCore;
		};
		2D07FBA92E2F8E90001D73E2 /* FirebaseAuth */ = {
			isa = XCSwiftPackageProductDependency;
			package = 2D07FBA42E2F8E90001D73E2 /* XCRemoteSwiftPackageReference "firebase-ios-sdk" */;
			productName = FirebaseAuth;
		};
		2D07FBAB2E2F8E90001D73E2 /* FirebaseCore */ = {
			isa = XCSwiftPackageProductDependency;
			package = 2D07FBA42E2F8E90001D73E2 /* XCRemoteSwiftPackageReference "firebase-ios-sdk" */;
			productName = FirebaseCore;
		};
		2D07FBAD2E2F8E90001D73E2 /* FirebaseCrashlytics */ = {
			isa = XCSwiftPackageProductDependency;
			package = 2D07FBA42E2F8E90001D73E2 /* XCRemoteSwiftPackageReference "firebase-ios-sdk" */;
			productName = FirebaseCrashlytics;
		};
		2D07FBAF2E2F8E90001D73E2 /* FirebaseFirestore */ = {
			isa = XCSwiftPackageProductDependency;
			package = 2D07FBA42E2F8E90001D73E2 /* XCRemoteSwiftPackageReference "firebase-ios-sdk" */;
			productName = FirebaseFirestore;
		};
		2D07FBB12E2F8E90001D73E2 /* FirebaseFirestoreCombine-Community */ = {
			isa = XCSwiftPackageProductDependency;
			package = 2D07FBA42E2F8E90001D73E2 /* XCRemoteSwiftPackageReference "firebase-ios-sdk" */;
			productName = "FirebaseFirestoreCombine-Community";
		};
		2D07FBB32E2F8E90001D73E2 /* FirebaseStorage */ = {
			isa = XCSwiftPackageProductDependency;
			package = 2D07FBA42E2F8E90001D73E2 /* XCRemoteSwiftPackageReference "firebase-ios-sdk" */;
			productName = FirebaseStorage;
		};
		2D2B923E2E2A4B57004C4EFF /* GoogleSignIn */ = {
			isa = XCSwiftPackageProductDependency;
			package = 2D2B923D2E2A4B57004C4EFF /* XCRemoteSwiftPackageReference "GoogleSignIn-iOS" */;
			productName = GoogleSignIn;
		};
		2D8FC6272E25367600B75A5C /* FirebaseAnalytics */ = {
			isa = XCSwiftPackageProductDependency;
			productName = FirebaseAnalytics;
		};
/* End XCSwiftPackageProductDependency section */
	};
	rootObject = 2D4201A72E1D244A00201ECD /* Project object */;
}
